{
  "name": "@funsoftware/planettech",
  "version": "0.0.8-alpha.0.1.7",
  "lockfileVersion": 3,
  "requires": true,
  "packages": {
    "": {
      "name": "@funsoftware/planettech",
      "version": "0.0.8-alpha.0.1.7",
      "license": "ISC",
      "dependencies": {
        "@funsoftware/spatialprimitives": "file:../SpatialPrimitives",
        "@funsoftware/virtualtexture": "file:../VirtualTexture"
      },
      "peerDependencies": {
        "three": "^0.184.0"
      }
    },
    "../SpatialPrimitives": {
      "name": "@funsoftware/spatialprimitives",
      "version": "0.0.0-alpha",
      "license": "ISC",
      "peerDependencies": {
        "three": "^0.184.0"
      }
    },
    "../VirtualTexture": {
      "name": "@funsoftware/virtualtexture",
      "version": "1.0.0",
      "license": "ISC",
      "peerDependencies": {
        "three": "^0.184.0"
      }
    },
    "node_modules/@funsoftware/spatialprimitives": {
      "resolved": "../SpatialPrimitives",
      "link": true
    },
    "node_modules/@funsoftware/virtualtexture": {
      "resolved": "../VirtualTexture",
      "link": true
    },
    "node_modules/three": {
      "version": "0.184.0",
      "resolved": "https://registry.npmjs.org/three/-/three-0.184.0.tgz",
      "integrity": "sha512-wtTRjG92pM5eUg/KuUnHsqSAlPM296brTOcLgMRqEeylYTh/CdtvKUvCyyCQTzFuStieWxvZb8mVTMvdPyUpxg==",
      "license": "MIT",
      "peer": true
    }
  }
}
